
Microsoft Visual Studio Solution File, Format Version 12.00
Project("{FAE04EC0-301F-11D3-BF4B-00C04F79EFBC}") = "DeckTracker", "DeckTracker.csproj", "{237579D6-B9D9-47A3-92F9-1BFF21003F6E}"
EndProject
Global
	GlobalSection(SolutionConfigurationPlatforms) = preSolution
		Debug|Any CPU = Debug|Any CPU
		ExportDebug|Any CPU = ExportDebug|Any CPU
		ExportRelease|Any CPU = ExportRelease|Any CPU
	EndGlobalSection
	GlobalSection(ProjectConfigurationPlatforms) = postSolution
		{237579D6-B9D9-47A3-92F9-1BFF21003F6E}.Debug|Any CPU.ActiveCfg = Debug|Any CPU
		{237579D6-B9D9-47A3-92F9-1BFF21003F6E}.Debug|Any CPU.Build.0 = Debug|Any CPU
		{237579D6-B9D9-47A3-92F9-1BFF21003F6E}.ExportDebug|Any CPU.ActiveCfg = ExportDebug|Any CPU
		{237579D6-B9D9-47A3-92F9-1BFF21003F6E}.ExportDebug|Any CPU.Build.0 = ExportDebug|Any CPU
		{237579D6-B9D9-47A3-92F9-1BFF21003F6E}.ExportRelease|Any CPU.ActiveCfg = ExportRelease|Any CPU
		{237579D6-B9D9-47A3-92F9-1BFF21003F6E}.ExportRelease|Any CPU.Build.0 = ExportRelease|Any CPU
	EndGlobalSection
EndGlobal
